{
  "version": "2",
  "remote": {
    "https://deno.land/x/denops_core@v4.0.0/denops.ts": "73561b60556ffb39112feff4f53eac1752c1f2db28548c5c74e2befb5ae741bf",
    "https://deno.land/x/denops_core@v4.0.0/mod.ts": "abc31bf739a30a8cf07d54a56b7c5d5efb8105bf9dd4d6dae4866649985bc035",
    "https://deno.land/x/denops_std@v4.0.0/autocmd/common.ts": "efefc6d54297525fcbdd38f4f870403cf1897ad957bfa191658e4336cf3e7bee",
    "https://deno.land/x/denops_std@v4.0.0/autocmd/group.ts": "43ee21b2a02398a276aad563eccac542f593b8dd981ac7ccbcb3abbeca623e0a",
    "https://deno.land/x/denops_std@v4.0.0/autocmd/mod.ts": "a3fbf1c1b2bd5a7f95a3bc94e6df909b291376d657bc35272b52ad3e2728ec8a",
    "https://deno.land/x/denops_std@v4.0.0/autocmd/types.ts": "485f918030b3d28c86052dcf7822f6bbeaa95119db1f0d7632af54b1c087f53c",
    "https://deno.land/x/denops_std@v4.0.0/autocmd/utils.ts": "f0238f60cf80acb14c8aaa89b25454714f3f627b1f8c94ca8197e906ff753f3f",
    "https://deno.land/x/denops_std@v4.0.0/helper/execute.ts": "a9446708959c5f417301c1eeab0ead2a8abbaf4b5e22e59b927d7ea18557c9f7",
    "https://deno.land/x/denops_std@v4.0.0/mod.ts": "d6bbd362334ac11d515764f478dcea7be69fe1b11e8141065779849dfca9c92a"
  }
}
